
Microsoft Visual Studio Solution File, Format Version 12.00
# Visual Studio 15
VisualStudioVersion = 15.0.28307.271
MinimumVisualStudioVersion = 10.0.40219.1
Project("{F184B08F-C81C-45F6-A57F-5ABD9991F28F}") = "QuestionAssingment", "QuestionAssingment\QuestionAssingment.vbproj", "{B7749D0A-1990-48D6-8525-C5690969F444}"
EndProject
Global
	GlobalSection(SolutionConfigurationPlatforms) = preSolution
		Debug|Any CPU = Debug|Any CPU
		Release|Any CPU = Release|Any CPU
	EndGlobalSection
	GlobalSection(ProjectConfigurationPlatforms) = postSolution
		{B7749D0A-1990-48D6-8525-C5690969F444}.Debug|Any CPU.ActiveCfg = Debug|Any CPU
		{B7749D0A-1990-48D6-8525-C5690969F444}.Debug|Any CPU.Build.0 = Debug|Any CPU
		{B7749D0A-1990-48D6-8525-C5690969F444}.Release|Any CPU.ActiveCfg = Release|Any CPU
		{B7749D0A-1990-48D6-8525-C5690969F444}.Release|Any CPU.Build.0 = Release|Any CPU
	EndGlobalSection
	GlobalSection(SolutionProperties) = preSolution
		HideSolutionNode = FALSE
	EndGlobalSection
	GlobalSection(ExtensibilityGlobals) = postSolution
		SolutionGuid = {BCBE942E-9213-4D79-AF03-9BB6E5D96D0B}
	EndGlobalSection
EndGlobal
