
Microsoft Visual Studio Solution File, Format Version 12.00
# Visual Studio 15
Project("{FAE04EC0-301F-11D3-BF4B-00C04F79EFBC}") = "Assembly-CSharp", "Assembly-CSharp.csproj", "{242BAF32-AD91-2882-0A12-3E7D6CBB2573}"
EndProject
Project("{FAE04EC0-301F-11D3-BF4B-00C04F79EFBC}") = "Assembly-CSharp-Editor", "Assembly-CSharp-Editor.csproj", "{BE834E4A-9B70-1DAF-5A3D-25E4E2EB0F9F}"
EndProject
Global
	GlobalSection(SolutionConfigurationPlatforms) = preSolution
		Debug|Any CPU = Debug|Any CPU
		Release|Any CPU = Release|Any CPU
	EndGlobalSection
	GlobalSection(ProjectConfigurationPlatforms) = postSolution
		{242BAF32-AD91-2882-0A12-3E7D6CBB2573}.Debug|Any CPU.ActiveCfg = Debug|Any CPU
		{242BAF32-AD91-2882-0A12-3E7D6CBB2573}.Debug|Any CPU.Build.0 = Debug|Any CPU
		{242BAF32-AD91-2882-0A12-3E7D6CBB2573}.Release|Any CPU.ActiveCfg = Release|Any CPU
		{242BAF32-AD91-2882-0A12-3E7D6CBB2573}.Release|Any CPU.Build.0 = Release|Any CPU
		{BE834E4A-9B70-1DAF-5A3D-25E4E2EB0F9F}.Debug|Any CPU.ActiveCfg = Debug|Any CPU
		{BE834E4A-9B70-1DAF-5A3D-25E4E2EB0F9F}.Debug|Any CPU.Build.0 = Debug|Any CPU
		{BE834E4A-9B70-1DAF-5A3D-25E4E2EB0F9F}.Release|Any CPU.ActiveCfg = Release|Any CPU
		{BE834E4A-9B70-1DAF-5A3D-25E4E2EB0F9F}.Release|Any CPU.Build.0 = Release|Any CPU
	EndGlobalSection
	GlobalSection(SolutionProperties) = preSolution
		HideSolutionNode = FALSE
	EndGlobalSection
EndGlobal
