
Microsoft Visual Studio Solution File, Format Version 12.00
# Visual Studio 15
VisualStudioVersion = 15.0.28307.271
MinimumVisualStudioVersion = 10.0.40219.1
Project("{FAE04EC0-301F-11D3-BF4B-00C04F79EFBC}") = "FlyingVehicleMidterm", "FlyingVehicleMidterm\FlyingVehicleMidterm.csproj", "{9CD263F6-1CC5-4399-8513-586D2F656BEB}"
EndProject
Global
	GlobalSection(SolutionConfigurationPlatforms) = preSolution
		Debug|Any CPU = Debug|Any CPU
		Release|Any CPU = Release|Any CPU
	EndGlobalSection
	GlobalSection(ProjectConfigurationPlatforms) = postSolution
		{9CD263F6-1CC5-4399-8513-586D2F656BEB}.Debug|Any CPU.ActiveCfg = Debug|Any CPU
		{9CD263F6-1CC5-4399-8513-586D2F656BEB}.Debug|Any CPU.Build.0 = Debug|Any CPU
		{9CD263F6-1CC5-4399-8513-586D2F656BEB}.Release|Any CPU.ActiveCfg = Release|Any CPU
		{9CD263F6-1CC5-4399-8513-586D2F656BEB}.Release|Any CPU.Build.0 = Release|Any CPU
	EndGlobalSection
	GlobalSection(SolutionProperties) = preSolution
		HideSolutionNode = FALSE
	EndGlobalSection
	GlobalSection(ExtensibilityGlobals) = postSolution
		SolutionGuid = {3CA52EF4-2002-4CA5-857C-71ACA19C99E6}
	EndGlobalSection
EndGlobal
