
Microsoft Visual Studio Solution File, Format Version 12.00
# Visual Studio 15
VisualStudioVersion = 15.0.28307.329
MinimumVisualStudioVersion = 10.0.40219.1
Project("{FAE04EC0-301F-11D3-BF4B-00C04F79EFBC}") = "Pathfinding", "Pathfinding\Pathfinding.csproj", "{1833AFA4-FBBB-4D1F-A121-9DCC3089B08C}"
EndProject
Global
	GlobalSection(SolutionConfigurationPlatforms) = preSolution
		Debug|Any CPU = Debug|Any CPU
		Release|Any CPU = Release|Any CPU
	EndGlobalSection
	GlobalSection(ProjectConfigurationPlatforms) = postSolution
		{1833AFA4-FBBB-4D1F-A121-9DCC3089B08C}.Debug|Any CPU.ActiveCfg = Debug|Any CPU
		{1833AFA4-FBBB-4D1F-A121-9DCC3089B08C}.Debug|Any CPU.Build.0 = Debug|Any CPU
		{1833AFA4-FBBB-4D1F-A121-9DCC3089B08C}.Release|Any CPU.ActiveCfg = Release|Any CPU
		{1833AFA4-FBBB-4D1F-A121-9DCC3089B08C}.Release|Any CPU.Build.0 = Release|Any CPU
	EndGlobalSection
	GlobalSection(SolutionProperties) = preSolution
		HideSolutionNode = FALSE
	EndGlobalSection
	GlobalSection(ExtensibilityGlobals) = postSolution
		SolutionGuid = {116E7BC0-A9A8-4543-92BF-9239E4CD6CF2}
	EndGlobalSection
EndGlobal
