
Microsoft Visual Studio Solution File, Format Version 12.00
# Visual Studio 15
Project("{FAE04EC0-301F-11D3-BF4B-00C04F79EFBC}") = "Assembly-CSharp", "Assembly-CSharp.csproj", "{F410D6A6-CAF5-8278-2343-BCFE4128A23D}"
EndProject
Project("{FAE04EC0-301F-11D3-BF4B-00C04F79EFBC}") = "Assembly-CSharp-Editor", "Assembly-CSharp-Editor.csproj", "{0BF8B1CF-0D68-4191-8505-374AA2F1BD31}"
EndProject
Global
	GlobalSection(SolutionConfigurationPlatforms) = preSolution
		Debug|Any CPU = Debug|Any CPU
		Release|Any CPU = Release|Any CPU
	EndGlobalSection
	GlobalSection(ProjectConfigurationPlatforms) = postSolution
		{F410D6A6-CAF5-8278-2343-BCFE4128A23D}.Debug|Any CPU.ActiveCfg = Debug|Any CPU
		{F410D6A6-CAF5-8278-2343-BCFE4128A23D}.Debug|Any CPU.Build.0 = Debug|Any CPU
		{F410D6A6-CAF5-8278-2343-BCFE4128A23D}.Release|Any CPU.ActiveCfg = Release|Any CPU
		{F410D6A6-CAF5-8278-2343-BCFE4128A23D}.Release|Any CPU.Build.0 = Release|Any CPU
		{0BF8B1CF-0D68-4191-8505-374AA2F1BD31}.Debug|Any CPU.ActiveCfg = Debug|Any CPU
		{0BF8B1CF-0D68-4191-8505-374AA2F1BD31}.Debug|Any CPU.Build.0 = Debug|Any CPU
		{0BF8B1CF-0D68-4191-8505-374AA2F1BD31}.Release|Any CPU.ActiveCfg = Release|Any CPU
		{0BF8B1CF-0D68-4191-8505-374AA2F1BD31}.Release|Any CPU.Build.0 = Release|Any CPU
	EndGlobalSection
	GlobalSection(SolutionProperties) = preSolution
		HideSolutionNode = FALSE
	EndGlobalSection
EndGlobal
